
Microsoft Visual Studio Solution File, Format Version 12.00
# Visual Studio 2012
Project("{FAE04EC0-301F-11D3-BF4B-00C04F79EFBC}") = "Ember.WebApi.Tests", "Ember.WebApi.Tests\Ember.WebApi.Tests.csproj", "{6F68E517-9A52-4DF5-826B-9440816886A6}"
EndProject
Project("{2150E333-8FDC-42A3-9474-1A3956D46DE8}") = ".nuget", ".nuget", "{141AF15C-A129-479C-8BF6-86A0CD962A9F}"
	ProjectSection(SolutionItems) = preProject
		.nuget\NuGet.Config = .nuget\NuGet.Config
		.nuget\NuGet.exe = .nuget\NuGet.exe
		.nuget\NuGet.targets = .nuget\NuGet.targets
	EndProjectSection
EndProject
Project("{FAE04EC0-301F-11D3-BF4B-00C04F79EFBC}") = "Ember.Models", "Ember.Models\Ember.Models.csproj", "{0E26B645-7460-47D8-B771-D590A02EDE45}"
EndProject
Project("{FAE04EC0-301F-11D3-BF4B-00C04F79EFBC}") = "Ember.WebApi", "Ember.WebApi\Ember.WebApi.csproj", "{EDC422A3-4092-4983-ADA9-B84A12039DED}"
EndProject
Project("{FAE04EC0-301F-11D3-BF4B-00C04F79EFBC}") = "Ember.Database.Common", "Ember.Database.Common\Ember.Database.Common.csproj", "{9850458C-4916-473F-9A04-DD66165ED8E2}"
EndProject
Project("{2150E333-8FDC-42A3-9474-1A3956D46DE8}") = "Applications", "Applications", "{B2BE4B0B-0158-40F4-B6D2-0C197770C86B}"
EndProject
Project("{2150E333-8FDC-42A3-9474-1A3956D46DE8}") = "Tests", "Tests", "{9650D997-C3D9-44EA-A4A4-CA12E79CDCCE}"
EndProject
Project("{2150E333-8FDC-42A3-9474-1A3956D46DE8}") = "Business Logic", "Business Logic", "{1E454799-968E-4378-A12B-8C68AF9E10B7}"
EndProject
Project("{2150E333-8FDC-42A3-9474-1A3956D46DE8}") = "Infrastructure", "Infrastructure", "{23C2B14D-D189-4BD2-AF6C-91A3591B9B4C}"
EndProject
Project("{FAE04EC0-301F-11D3-BF4B-00C04F79EFBC}") = "Ember.Handlers", "Ember.Handlers\Ember.Handlers.csproj", "{94FF720E-D470-43CD-BFEB-DE918598498E}"
EndProject
Project("{FAE04EC0-301F-11D3-BF4B-00C04F79EFBC}") = "Ember.Database.Initialize", "Ember.Database.Initialize\Ember.Database.Initialize.csproj", "{B35A9887-FFD9-46C0-9082-BB9A3BD2C63D}"
EndProject
Project("{FAE04EC0-301F-11D3-BF4B-00C04F79EFBC}") = "Ember.Ninject", "Ember.Ninject\Ember.Ninject.csproj", "{B4F518D5-EDF0-48E9-9C58-58C2E16A3488}"
EndProject
Global
	GlobalSection(SolutionConfigurationPlatforms) = preSolution
		Debug|Any CPU = Debug|Any CPU
		DevBuild|Any CPU = DevBuild|Any CPU
		Production|Any CPU = Production|Any CPU
		QA|Any CPU = QA|Any CPU
		Release|Any CPU = Release|Any CPU
		Staging|Any CPU = Staging|Any CPU
	EndGlobalSection
	GlobalSection(ProjectConfigurationPlatforms) = postSolution
		{6F68E517-9A52-4DF5-826B-9440816886A6}.Debug|Any CPU.ActiveCfg = Debug|Any CPU
		{6F68E517-9A52-4DF5-826B-9440816886A6}.Debug|Any CPU.Build.0 = Debug|Any CPU
		{6F68E517-9A52-4DF5-826B-9440816886A6}.DevBuild|Any CPU.ActiveCfg = Debug|Any CPU
		{6F68E517-9A52-4DF5-826B-9440816886A6}.DevBuild|Any CPU.Build.0 = Debug|Any CPU
		{6F68E517-9A52-4DF5-826B-9440816886A6}.Production|Any CPU.ActiveCfg = Release|Any CPU
		{6F68E517-9A52-4DF5-826B-9440816886A6}.Production|Any CPU.Build.0 = Release|Any CPU
		{6F68E517-9A52-4DF5-826B-9440816886A6}.QA|Any CPU.ActiveCfg = Release|Any CPU
		{6F68E517-9A52-4DF5-826B-9440816886A6}.QA|Any CPU.Build.0 = Release|Any CPU
		{6F68E517-9A52-4DF5-826B-9440816886A6}.Release|Any CPU.ActiveCfg = Release|Any CPU
		{6F68E517-9A52-4DF5-826B-9440816886A6}.Release|Any CPU.Build.0 = Release|Any CPU
		{6F68E517-9A52-4DF5-826B-9440816886A6}.Staging|Any CPU.ActiveCfg = Release|Any CPU
		{6F68E517-9A52-4DF5-826B-9440816886A6}.Staging|Any CPU.Build.0 = Release|Any CPU
		{0E26B645-7460-47D8-B771-D590A02EDE45}.Debug|Any CPU.ActiveCfg = Debug|Any CPU
		{0E26B645-7460-47D8-B771-D590A02EDE45}.Debug|Any CPU.Build.0 = Debug|Any CPU
		{0E26B645-7460-47D8-B771-D590A02EDE45}.DevBuild|Any CPU.ActiveCfg = Debug|Any CPU
		{0E26B645-7460-47D8-B771-D590A02EDE45}.DevBuild|Any CPU.Build.0 = Debug|Any CPU
		{0E26B645-7460-47D8-B771-D590A02EDE45}.Production|Any CPU.ActiveCfg = Release|Any CPU
		{0E26B645-7460-47D8-B771-D590A02EDE45}.Production|Any CPU.Build.0 = Release|Any CPU
		{0E26B645-7460-47D8-B771-D590A02EDE45}.QA|Any CPU.ActiveCfg = Release|Any CPU
		{0E26B645-7460-47D8-B771-D590A02EDE45}.QA|Any CPU.Build.0 = Release|Any CPU
		{0E26B645-7460-47D8-B771-D590A02EDE45}.Release|Any CPU.ActiveCfg = Release|Any CPU
		{0E26B645-7460-47D8-B771-D590A02EDE45}.Release|Any CPU.Build.0 = Release|Any CPU
		{0E26B645-7460-47D8-B771-D590A02EDE45}.Staging|Any CPU.ActiveCfg = Release|Any CPU
		{0E26B645-7460-47D8-B771-D590A02EDE45}.Staging|Any CPU.Build.0 = Release|Any CPU
		{EDC422A3-4092-4983-ADA9-B84A12039DED}.Debug|Any CPU.ActiveCfg = Debug|Any CPU
		{EDC422A3-4092-4983-ADA9-B84A12039DED}.Debug|Any CPU.Build.0 = Debug|Any CPU
		{EDC422A3-4092-4983-ADA9-B84A12039DED}.DevBuild|Any CPU.ActiveCfg = Debug|Any CPU
		{EDC422A3-4092-4983-ADA9-B84A12039DED}.DevBuild|Any CPU.Build.0 = Debug|Any CPU
		{EDC422A3-4092-4983-ADA9-B84A12039DED}.Production|Any CPU.ActiveCfg = Release|Any CPU
		{EDC422A3-4092-4983-ADA9-B84A12039DED}.Production|Any CPU.Build.0 = Release|Any CPU
		{EDC422A3-4092-4983-ADA9-B84A12039DED}.QA|Any CPU.ActiveCfg = Release|Any CPU
		{EDC422A3-4092-4983-ADA9-B84A12039DED}.QA|Any CPU.Build.0 = Release|Any CPU
		{EDC422A3-4092-4983-ADA9-B84A12039DED}.Release|Any CPU.ActiveCfg = Release|Any CPU
		{EDC422A3-4092-4983-ADA9-B84A12039DED}.Release|Any CPU.Build.0 = Release|Any CPU
		{EDC422A3-4092-4983-ADA9-B84A12039DED}.Staging|Any CPU.ActiveCfg = Release|Any CPU
		{EDC422A3-4092-4983-ADA9-B84A12039DED}.Staging|Any CPU.Build.0 = Release|Any CPU
		{9850458C-4916-473F-9A04-DD66165ED8E2}.Debug|Any CPU.ActiveCfg = Debug|Any CPU
		{9850458C-4916-473F-9A04-DD66165ED8E2}.Debug|Any CPU.Build.0 = Debug|Any CPU
		{9850458C-4916-473F-9A04-DD66165ED8E2}.DevBuild|Any CPU.ActiveCfg = DevBuild|Any CPU
		{9850458C-4916-473F-9A04-DD66165ED8E2}.DevBuild|Any CPU.Build.0 = DevBuild|Any CPU
		{9850458C-4916-473F-9A04-DD66165ED8E2}.Production|Any CPU.ActiveCfg = Production|Any CPU
		{9850458C-4916-473F-9A04-DD66165ED8E2}.Production|Any CPU.Build.0 = Production|Any CPU
		{9850458C-4916-473F-9A04-DD66165ED8E2}.QA|Any CPU.ActiveCfg = QA|Any CPU
		{9850458C-4916-473F-9A04-DD66165ED8E2}.QA|Any CPU.Build.0 = QA|Any CPU
		{9850458C-4916-473F-9A04-DD66165ED8E2}.Release|Any CPU.ActiveCfg = Release|Any CPU
		{9850458C-4916-473F-9A04-DD66165ED8E2}.Release|Any CPU.Build.0 = Release|Any CPU
		{9850458C-4916-473F-9A04-DD66165ED8E2}.Staging|Any CPU.ActiveCfg = Staging|Any CPU
		{9850458C-4916-473F-9A04-DD66165ED8E2}.Staging|Any CPU.Build.0 = Staging|Any CPU
		{94FF720E-D470-43CD-BFEB-DE918598498E}.Debug|Any CPU.ActiveCfg = Debug|Any CPU
		{94FF720E-D470-43CD-BFEB-DE918598498E}.Debug|Any CPU.Build.0 = Debug|Any CPU
		{94FF720E-D470-43CD-BFEB-DE918598498E}.DevBuild|Any CPU.ActiveCfg = Debug|Any CPU
		{94FF720E-D470-43CD-BFEB-DE918598498E}.DevBuild|Any CPU.Build.0 = Debug|Any CPU
		{94FF720E-D470-43CD-BFEB-DE918598498E}.Production|Any CPU.ActiveCfg = Release|Any CPU
		{94FF720E-D470-43CD-BFEB-DE918598498E}.Production|Any CPU.Build.0 = Release|Any CPU
		{94FF720E-D470-43CD-BFEB-DE918598498E}.QA|Any CPU.ActiveCfg = Release|Any CPU
		{94FF720E-D470-43CD-BFEB-DE918598498E}.QA|Any CPU.Build.0 = Release|Any CPU
		{94FF720E-D470-43CD-BFEB-DE918598498E}.Release|Any CPU.ActiveCfg = Release|Any CPU
		{94FF720E-D470-43CD-BFEB-DE918598498E}.Release|Any CPU.Build.0 = Release|Any CPU
		{94FF720E-D470-43CD-BFEB-DE918598498E}.Staging|Any CPU.ActiveCfg = Release|Any CPU
		{94FF720E-D470-43CD-BFEB-DE918598498E}.Staging|Any CPU.Build.0 = Release|Any CPU
		{B35A9887-FFD9-46C0-9082-BB9A3BD2C63D}.Debug|Any CPU.ActiveCfg = Debug|Any CPU
		{B35A9887-FFD9-46C0-9082-BB9A3BD2C63D}.Debug|Any CPU.Build.0 = Debug|Any CPU
		{B35A9887-FFD9-46C0-9082-BB9A3BD2C63D}.DevBuild|Any CPU.ActiveCfg = Debug|Any CPU
		{B35A9887-FFD9-46C0-9082-BB9A3BD2C63D}.DevBuild|Any CPU.Build.0 = Debug|Any CPU
		{B35A9887-FFD9-46C0-9082-BB9A3BD2C63D}.Production|Any CPU.ActiveCfg = Release|Any CPU
		{B35A9887-FFD9-46C0-9082-BB9A3BD2C63D}.Production|Any CPU.Build.0 = Release|Any CPU
		{B35A9887-FFD9-46C0-9082-BB9A3BD2C63D}.QA|Any CPU.ActiveCfg = Release|Any CPU
		{B35A9887-FFD9-46C0-9082-BB9A3BD2C63D}.QA|Any CPU.Build.0 = Release|Any CPU
		{B35A9887-FFD9-46C0-9082-BB9A3BD2C63D}.Release|Any CPU.ActiveCfg = Release|Any CPU
		{B35A9887-FFD9-46C0-9082-BB9A3BD2C63D}.Release|Any CPU.Build.0 = Release|Any CPU
		{B35A9887-FFD9-46C0-9082-BB9A3BD2C63D}.Staging|Any CPU.ActiveCfg = Release|Any CPU
		{B35A9887-FFD9-46C0-9082-BB9A3BD2C63D}.Staging|Any CPU.Build.0 = Release|Any CPU
		{B4F518D5-EDF0-48E9-9C58-58C2E16A3488}.Debug|Any CPU.ActiveCfg = Debug|Any CPU
		{B4F518D5-EDF0-48E9-9C58-58C2E16A3488}.Debug|Any CPU.Build.0 = Debug|Any CPU
		{B4F518D5-EDF0-48E9-9C58-58C2E16A3488}.DevBuild|Any CPU.ActiveCfg = DevBuild|Any CPU
		{B4F518D5-EDF0-48E9-9C58-58C2E16A3488}.DevBuild|Any CPU.Build.0 = DevBuild|Any CPU
		{B4F518D5-EDF0-48E9-9C58-58C2E16A3488}.Production|Any CPU.ActiveCfg = Production|Any CPU
		{B4F518D5-EDF0-48E9-9C58-58C2E16A3488}.Production|Any CPU.Build.0 = Production|Any CPU
		{B4F518D5-EDF0-48E9-9C58-58C2E16A3488}.QA|Any CPU.ActiveCfg = QA|Any CPU
		{B4F518D5-EDF0-48E9-9C58-58C2E16A3488}.QA|Any CPU.Build.0 = QA|Any CPU
		{B4F518D5-EDF0-48E9-9C58-58C2E16A3488}.Release|Any CPU.ActiveCfg = Release|Any CPU
		{B4F518D5-EDF0-48E9-9C58-58C2E16A3488}.Release|Any CPU.Build.0 = Release|Any CPU
		{B4F518D5-EDF0-48E9-9C58-58C2E16A3488}.Staging|Any CPU.ActiveCfg = Staging|Any CPU
		{B4F518D5-EDF0-48E9-9C58-58C2E16A3488}.Staging|Any CPU.Build.0 = Staging|Any CPU
	EndGlobalSection
	GlobalSection(SolutionProperties) = preSolution
		HideSolutionNode = FALSE
	EndGlobalSection
	GlobalSection(NestedProjects) = preSolution
		{6F68E517-9A52-4DF5-826B-9440816886A6} = {9650D997-C3D9-44EA-A4A4-CA12E79CDCCE}
		{0E26B645-7460-47D8-B771-D590A02EDE45} = {1E454799-968E-4378-A12B-8C68AF9E10B7}
		{94FF720E-D470-43CD-BFEB-DE918598498E} = {1E454799-968E-4378-A12B-8C68AF9E10B7}
		{EDC422A3-4092-4983-ADA9-B84A12039DED} = {B2BE4B0B-0158-40F4-B6D2-0C197770C86B}
		{9850458C-4916-473F-9A04-DD66165ED8E2} = {23C2B14D-D189-4BD2-AF6C-91A3591B9B4C}
		{B35A9887-FFD9-46C0-9082-BB9A3BD2C63D} = {23C2B14D-D189-4BD2-AF6C-91A3591B9B4C}
		{B4F518D5-EDF0-48E9-9C58-58C2E16A3488} = {23C2B14D-D189-4BD2-AF6C-91A3591B9B4C}
	EndGlobalSection
EndGlobal
